
Microsoft Visual Studio Solution File, Format Version 12.00
# Visual Studio Version 16
VisualStudioVersion = 16.0.29519.181
MinimumVisualStudioVersion = 10.0.40219.1
Project("{9A19103F-16F7-4668-BE54-9A1E7A4F7556}") = "NetSim", "Netsim\NetSim.csproj", "{36CF6746-D71C-42A9-81AE-5B149D2592D1}"
EndProject
Project("{2150E333-8FDC-42A3-9474-1A3956D46DE8}") = "InfluxDB", "InfluxDB", "{FA4031A2-47E8-4B04-A53D-9D24307659B1}"
	ProjectSection(SolutionItems) = preProject
		docker-compose.yml = docker-compose.yml
	EndProjectSection
EndProject
Project("{FAE04EC0-301F-11D3-BF4B-00C04F79EFBC}") = "NetCreator", "NetworkSettingsCreator\NetworkSettingsCreator.csproj", "{3D347005-4B66-4F5D-89AB-363B52A63629}"
EndProject
Global
	GlobalSection(SolutionConfigurationPlatforms) = preSolution
		Debug|Any CPU = Debug|Any CPU
		Release|Any CPU = Release|Any CPU
	EndGlobalSection
	GlobalSection(ProjectConfigurationPlatforms) = postSolution
		{36CF6746-D71C-42A9-81AE-5B149D2592D1}.Debug|Any CPU.ActiveCfg = Debug|Any CPU
		{36CF6746-D71C-42A9-81AE-5B149D2592D1}.Debug|Any CPU.Build.0 = Debug|Any CPU
		{36CF6746-D71C-42A9-81AE-5B149D2592D1}.Release|Any CPU.ActiveCfg = Release|Any CPU
		{36CF6746-D71C-42A9-81AE-5B149D2592D1}.Release|Any CPU.Build.0 = Release|Any CPU
		{3D347005-4B66-4F5D-89AB-363B52A63629}.Debug|Any CPU.ActiveCfg = Debug|Any CPU
		{3D347005-4B66-4F5D-89AB-363B52A63629}.Debug|Any CPU.Build.0 = Debug|Any CPU
		{3D347005-4B66-4F5D-89AB-363B52A63629}.Release|Any CPU.ActiveCfg = Release|Any CPU
		{3D347005-4B66-4F5D-89AB-363B52A63629}.Release|Any CPU.Build.0 = Release|Any CPU
	EndGlobalSection
	GlobalSection(SolutionProperties) = preSolution
		HideSolutionNode = FALSE
	EndGlobalSection
	GlobalSection(ExtensibilityGlobals) = postSolution
		SolutionGuid = {4464D646-E509-431C-A1E0-37352BB2BCA5}
	EndGlobalSection
EndGlobal
